// !$*UTF8*$!
{
	archiveVersion = 1;
	classes = {
	};
	objectVersion = 52;
	objects = {

/* Begin PBXBuildFile section */
		631AE9A324D6679B00B3C03C /* AppDelegate.swift in Sources */ = {isa = PBXBuildFile; fileRef = 631AE9A224D6679B00B3C03C /* AppDelegate.swift */; };
		631AE9A524D6679B00B3C03C /* SceneDelegate.swift in Sources */ = {isa = PBXBuildFile; fileRef = 631AE9A424D6679B00B3C03C /* SceneDelegate.swift */; };
		631AE9A824D6679B00B3C03C /* project16_HotProspects.xcdatamodeld in Sources */ = {isa = PBXBuildFile; fileRef = 631AE9A624D6679B00B3C03C /* project16_HotProspects.xcdatamodeld */; };
		631AE9AA24D6679B00B3C03C /* ContentView.swift in Sources */ = {isa = PBXBuildFile; fileRef = 631AE9A924D6679B00B3C03C /* ContentView.swift */; };
		631AE9AC24D6679C00B3C03C /* Assets.xcassets in Resources */ = {isa = PBXBuildFile; fileRef = 631AE9AB24D6679C00B3C03C /* Assets.xcassets */; };
		631AE9AF24D6679C00B3C03C /* Preview Assets.xcassets in Resources */ = {isa = PBXBuildFile; fileRef = 631AE9AE24D6679C00B3C03C /* Preview Assets.xcassets */; };
		631AE9B224D6679C00B3C03C /* LaunchScreen.storyboard in Resources */ = {isa = PBXBuildFile; fileRef = 631AE9B024D6679C00B3C03C /* LaunchScreen.storyboard */; };
		63B3DD2324D9E6C600226169 /* ProspectsView.swift in Sources */ = {isa = PBXBuildFile; fileRef = 63B3DD2224D9E6C600226169 /* ProspectsView.swift */; };
		63B3DD2524D9E6D200226169 /* MeView.swift in Sources */ = {isa = PBXBuildFile; fileRef = 63B3DD2424D9E6D200226169 /* MeView.swift */; };
		63FD3A3E24D94A1800925691 /* SamplePackage in Frameworks */ = {isa = PBXBuildFile; productRef = 63FD3A3D24D94A1800925691 /* SamplePackage */; };
/* End PBXBuildFile section */

/* Begin PBXFileReference section */
		631AE99F24D6679B00B3C03C /* project16-HotProspects.app */ = {isa = PBXFileReference; explicitFileType = wrapper.application; includeInIndex = 0; path = "project16-HotProspects.app"; sourceTree = BUILT_PRODUCTS_DIR; };
		631AE9A224D6679B00B3C03C /* AppDelegate.swift */ = {isa = PBXFileReference; lastKnownFileType = sourcecode.swift; path = AppDelegate.swift; sourceTree = "<group>"; };
		631AE9A424D6679B00B3C03C /* SceneDelegate.swift */ = {isa = PBXFileReference; lastKnownFileType = sourcecode.swift; path = SceneDelegate.swift; sourceTree = "<group>"; };
		631AE9A724D6679B00B3C03C /* project16_HotProspects.xcdatamodel */ = {isa = PBXFileReference; lastKnownFileType = wrapper.xcdatamodel; path = project16_HotProspects.xcdatamodel; sourceTree = "<group>"; };
		631AE9A924D6679B00B3C03C /* ContentView.swift */ = {isa = PBXFileReference; lastKnownFileType = sourcecode.swift; path = ContentView.swift; sourceTree = "<group>"; };
		631AE9AB24D6679C00B3C03C /* Assets.xcassets */ = {isa = PBXFileReference; lastKnownFileType = folder.assetcatalog; path = Assets.xcassets; sourceTree = "<group>"; };
		631AE9AE24D6679C00B3C03C /* Preview Assets.xcassets */ = {isa = PBXFileReference; lastKnownFileType = folder.assetcatalog; path = "Preview Assets.xcassets"; sourceTree = "<group>"; };
		631AE9B124D6679C00B3C03C /* Base */ = {isa = PBXFileReference; lastKnownFileType = file.storyboard; name = Base; path = Base.lproj/LaunchScreen.storyboard; sourceTree = "<group>"; };
		631AE9B324D6679C00B3C03C /* Info.plist */ = {isa = PBXFileReference; lastKnownFileType = text.plist.xml; path = Info.plist; sourceTree = "<group>"; };
		63B3DD2224D9E6C600226169 /* ProspectsView.swift */ = {isa = PBXFileReference; lastKnownFileType = sourcecode.swift; path = ProspectsView.swift; sourceTree = "<group>"; };
		63B3DD2424D9E6D200226169 /* MeView.swift */ = {isa = PBXFileReference; lastKnownFileType = sourcecode.swift; path = MeView.swift; sourceTree = "<group>"; };
/* End PBXFileReference section */

/* Begin PBXFrameworksBuildPhase section */
		631AE99C24D6679B00B3C03C /* Frameworks */ = {
			isa = PBXFrameworksBuildPhase;
			buildActionMask = 2147483647;
			files = (
				63FD3A3E24D94A1800925691 /* SamplePackage in Frameworks */,
			);
			runOnlyForDeploymentPostprocessing = 0;
		};
/* End PBXFrameworksBuildPhase section */

/* Begin PBXGroup section */
		631AE99624D6679B00B3C03C = {
			isa = PBXGroup;
			children = (
				631AE9A124D6679B00B3C03C /* project16-HotProspects */,
				631AE9A024D6679B00B3C03C /* Products */,
			);
			sourceTree = "<group>";
		};
		631AE9A024D6679B00B3C03C /* Products */ = {
			isa = PBXGroup;
			children = (
				631AE99F24D6679B00B3C03C /* project16-HotProspects.app */,
			);
			name = Products;
			sourceTree = "<group>";
		};
		631AE9A124D6679B00B3C03C /* project16-HotProspects */ = {
			isa = PBXGroup;
			children = (
				631AE9A224D6679B00B3C03C /* AppDelegate.swift */,
				631AE9A424D6679B00B3C03C /* SceneDelegate.swift */,
				631AE9A924D6679B00B3C03C /* ContentView.swift */,
				63B3DD2224D9E6C600226169 /* ProspectsView.swift */,
				63B3DD2424D9E6D200226169 /* MeView.swift */,
				631AE9AB24D6679C00B3C03C /* Assets.xcassets */,
				631AE9B024D6679C00B3C03C /* LaunchScreen.storyboard */,
				631AE9B324D6679C00B3C03C /* Info.plist */,
				631AE9A624D6679B00B3C03C /* project16_HotProspects.xcdatamodeld */,
				631AE9AD24D6679C00B3C03C /* Preview Content */,
			);
			path = "project16-HotProspects";
			sourceTree = "<group>";
		};
		631AE9AD24D6679C00B3C03C /* Preview Content */ = {
			isa = PBXGroup;
			children = (
				631AE9AE24D6679C00B3C03C /* Preview Assets.xcassets */,
			);
			path = "Preview Content";
			sourceTree = "<group>";
		};
/* End PBXGroup section */

/* Begin PBXNativeTarget section */
		631AE99E24D6679B00B3C03C /* project16-HotProspects */ = {
			isa = PBXNativeTarget;
			buildConfigurationList = 631AE9B624D6679C00B3C03C /* Build configuration list for PBXNativeTarget "project16-HotProspects" */;
			buildPhases = (
				631AE99B24D6679B00B3C03C /* Sources */,
				631AE99C24D6679B00B3C03C /* Frameworks */,
				631AE99D24D6679B00B3C03C /* Resources */,
			);
			buildRules = (
			);
			dependencies = (
			);
			name = "project16-HotProspects";
			packageProductDependencies = (
				63FD3A3D24D94A1800925691 /* SamplePackage */,
			);
			productName = "project16-HotProspects";
			productReference = 631AE99F24D6679B00B3C03C /* project16-HotProspects.app */;
			productType = "com.apple.product-type.application";
		};
/* End PBXNativeTarget section */

/* Begin PBXProject section */
		631AE99724D6679B00B3C03C /* Project object */ = {
			isa = PBXProject;
			attributes = {
				LastSwiftUpdateCheck = 1160;
				LastUpgradeCheck = 1160;
				ORGANIZATIONNAME = "bingyuan xu";
				TargetAttributes = {
					631AE99E24D6679B00B3C03C = {
						CreatedOnToolsVersion = 11.6;
					};
				};
			};
			buildConfigurationList = 631AE99A24D6679B00B3C03C /* Build configuration list for PBXProject "project16-HotProspects" */;
			compatibilityVersion = "Xcode 9.3";
			developmentRegion = en;
			hasScannedForEncodings = 0;
			knownRegions = (
				en,
				Base,
			);
			mainGroup = 631AE99624D6679B00B3C03C;
			packageReferences = (
				63FD3A3C24D94A1800925691 /* XCRemoteSwiftPackageReference "SamplePackage" */,
			);
			productRefGroup = 631AE9A024D6679B00B3C03C /* Products */;
			projectDirPath = "";
			projectRoot = "";
			targets = (
				631AE99E24D6679B00B3C03C /* project16-HotProspects */,
			);
		};
/* End PBXProject section */

/* Begin PBXResourcesBuildPhase section */
		631AE99D24D6679B00B3C03C /* Resources */ = {
			isa = PBXResourcesBuildPhase;
			buildActionMask = 2147483647;
			files = (
				631AE9B224D6679C00B3C03C /* LaunchScreen.storyboard in Resources */,
				631AE9AF24D6679C00B3C03C /* Preview Assets.xcassets in Resources */,
				631AE9AC24D6679C00B3C03C /* Assets.xcassets in Resources */,
			);
			runOnlyForDeploymentPostprocessing = 0;
		};
/* End PBXResourcesBuildPhase section */

/* Begin PBXSourcesBuildPhase section */
		631AE99B24D6679B00B3C03C /* Sources */ = {
			isa = PBXSourcesBuildPhase;
			buildActionMask = 2147483647;
			files = (
				63B3DD2524D9E6D200226169 /* MeView.swift in Sources */,
				631AE9A324D6679B00B3C03C /* AppDelegate.swift in Sources */,
				631AE9A524D6679B00B3C03C /* SceneDelegate.swift in Sources */,
				63B3DD2324D9E6C600226169 /* ProspectsView.swift in Sources */,
				631AE9AA24D6679B00B3C03C /* ContentView.swift in Sources */,
				631AE9A824D6679B00B3C03C /* project16_HotProspects.xcdatamodeld in Sources */,
			);
			runOnlyForDeploymentPostprocessing = 0;
		};
/* End PBXSourcesBuildPhase section */

/* Begin PBXVariantGroup section */
		631AE9B024D6679C00B3C03C /* LaunchScreen.storyboard */ = {
			isa = PBXVariantGroup;
			children = (
				631AE9B124D6679C00B3C03C /* Base */,
			);
			name = LaunchScreen.storyboard;
			sourceTree = "<group>";
		};
/* End PBXVariantGroup section */

/* Begin XCBuildConfiguration section */
		631AE9B424D6679C00B3C03C /* Debug */ = {
			isa = XCBuildConfiguration;
			buildSettings = {
				ALWAYS_SEARCH_USER_PATHS = NO;
				CLANG_ANALYZER_NONNULL = YES;
				CLANG_ANALYZER_NUMBER_OBJECT_CONVERSION = YES_AGGRESSIVE;
				CLANG_CXX_LANGUAGE_STANDARD = "gnu++14";
				CLANG_CXX_LIBRARY = "libc++";
				CLANG_ENABLE_MODULES = YES;
				CLANG_ENABLE_OBJC_ARC = YES;
				CLANG_ENABLE_OBJC_WEAK = YES;
				CLANG_WARN_BLOCK_CAPTURE_AUTORELEASING = YES;
				CLANG_WARN_BOOL_CONVERSION = YES;
				CLANG_WARN_COMMA = YES;
				CLANG_WARN_CONSTANT_CONVERSION = YES;
				CLANG_WARN_DEPRECATED_OBJC_IMPLEMENTATIONS = YES;
				CLANG_WARN_DIRECT_OBJC_ISA_USAGE = YES_ERROR;
				CLANG_WARN_DOCUMENTATION_COMMENTS = YES;
				CLANG_WARN_EMPTY_BODY = YES;
				CLANG_WARN_ENUM_CONVERSION = YES;
				CLANG_WARN_INFINITE_RECURSION = YES;
				CLANG_WARN_INT_CONVERSION = YES;
				CLANG_WARN_NON_LITERAL_NULL_CONVERSION = YES;
				CLANG_WARN_OBJC_IMPLICIT_RETAIN_SELF = YES;
				CLANG_WARN_OBJC_LITERAL_CONVERSION = YES;
				CLANG_WARN_OBJC_ROOT_CLASS = YES_ERROR;
				CLANG_WARN_RANGE_LOOP_ANALYSIS = YES;
				CLANG_WARN_STRICT_PROTOTYPES = YES;
				CLANG_WARN_SUSPICIOUS_MOVE = YES;
				CLANG_WARN_UNGUARDED_AVAILABILITY = YES_AGGRESSIVE;
				CLANG_WARN_UNREACHABLE_CODE = YES;
				CLANG_WARN__DUPLICATE_METHOD_MATCH = YES;
				COPY_PHASE_STRIP = NO;
				DEBUG_INFORMATION_FORMAT = dwarf;
				ENABLE_STRICT_OBJC_MSGSEND = YES;
				ENABLE_TESTABILITY = YES;
				GCC_C_LANGUAGE_STANDARD = gnu11;
				GCC_DYNAMIC_NO_PIC = NO;
				GCC_NO_COMMON_BLOCKS = YES;
				GCC_OPTIMIZATION_LEVEL = 0;
				GCC_PREPROCESSOR_DEFINITIONS = (
					"DEBUG=1",
					"$(inherited)",
				);
				GCC_WARN_64_TO_32_BIT_CONVERSION = YES;
				GCC_WARN_ABOUT_RETURN_TYPE = YES_ERROR;
				GCC_WARN_UNDECLARED_SELECTOR = YES;
				GCC_WARN_UNINITIALIZED_AUTOS = YES_AGGRESSIVE;
				GCC_WARN_UNUSED_FUNCTION = YES;
				GCC_WARN_UNUSED_VARIABLE = YES;
				IPHONEOS_DEPLOYMENT_TARGET = 13.6;
				MTL_ENABLE_DEBUG_INFO = INCLUDE_SOURCE;
				MTL_FAST_MATH = YES;
				ONLY_ACTIVE_ARCH = YES;
				SDKROOT = iphoneos;
				SWIFT_ACTIVE_COMPILATION_CONDITIONS = DEBUG;
				SWIFT_OPTIMIZATION_LEVEL = "-Onone";
			};
			name = Debug;
		};
		631AE9B524D6679C00B3C03C /* Release */ = {
			isa = XCBuildConfiguration;
			buildSettings = {
				ALWAYS_SEARCH_USER_PATHS = NO;
				CLANG_ANALYZER_NONNULL = YES;
				CLANG_ANALYZER_NUMBER_OBJECT_CONVERSION = YES_AGGRESSIVE;
				CLANG_CXX_LANGUAGE_STANDARD = "gnu++14";
				CLANG_CXX_LIBRARY = "libc++";
				CLANG_ENABLE_MODULES = YES;
				CLANG_ENABLE_OBJC_ARC = YES;
				CLANG_ENABLE_OBJC_WEAK = YES;
				CLANG_WARN_BLOCK_CAPTURE_AUTORELEASING = YES;
				CLANG_WARN_BOOL_CONVERSION = YES;
				CLANG_WARN_COMMA = YES;
				CLANG_WARN_CONSTANT_CONVERSION = YES;
				CLANG_WARN_DEPRECATED_OBJC_IMPLEMENTATIONS = YES;
				CLANG_WARN_DIRECT_OBJC_ISA_USAGE = YES_ERROR;
				CLANG_WARN_DOCUMENTATION_COMMENTS = YES;
				CLANG_WARN_EMPTY_BODY = YES;
				CLANG_WARN_ENUM_CONVERSION = YES;
				CLANG_WARN_INFINITE_RECURSION = YES;
				CLANG_WARN_INT_CONVERSION = YES;
				CLANG_WARN_NON_LITERAL_NULL_CONVERSION = YES;
				CLANG_WARN_OBJC_IMPLICIT_RETAIN_SELF = YES;
				CLANG_WARN_OBJC_LITERAL_CONVERSION = YES;
				CLANG_WARN_OBJC_ROOT_CLASS = YES_ERROR;
				CLANG_WARN_RANGE_LOOP_ANALYSIS = YES;
				CLANG_WARN_STRICT_PROTOTYPES = YES;
				CLANG_WARN_SUSPICIOUS_MOVE = YES;
				CLANG_WARN_UNGUARDED_AVAILABILITY = YES_AGGRESSIVE;
				CLANG_WARN_UNREACHABLE_CODE = YES;
				CLANG_WARN__DUPLICATE_METHOD_MATCH = YES;
				COPY_PHASE_STRIP = NO;
				DEBUG_INFORMATION_FORMAT = "dwarf-with-dsym";
				ENABLE_NS_ASSERTIONS = NO;
				ENABLE_STRICT_OBJC_MSGSEND = YES;
				GCC_C_LANGUAGE_STANDARD = gnu11;
				GCC_NO_COMMON_BLOCKS = YES;
				GCC_WARN_64_TO_32_BIT_CONVERSION = YES;
				GCC_WARN_ABOUT_RETURN_TYPE = YES_ERROR;
				GCC_WARN_UNDECLARED_SELECTOR = YES;
				GCC_WARN_UNINITIALIZED_AUTOS = YES_AGGRESSIVE;
				GCC_WARN_UNUSED_FUNCTION = YES;
				GCC_WARN_UNUSED_VARIABLE = YES;
				IPHONEOS_DEPLOYMENT_TARGET = 13.6;
				MTL_ENABLE_DEBUG_INFO = NO;
				MTL_FAST_MATH = YES;
				SDKROOT = iphoneos;
				SWIFT_COMPILATION_MODE = wholemodule;
				SWIFT_OPTIMIZATION_LEVEL = "-O";
				VALIDATE_PRODUCT = YES;
			};
			name = Release;
		};
		631AE9B724D6679C00B3C03C /* Debug */ = {
			isa = XCBuildConfiguration;
			buildSettings = {
				ASSETCATALOG_COMPILER_APPICON_NAME = AppIcon;
				CODE_SIGN_STYLE = Automatic;
				DEVELOPMENT_ASSET_PATHS = "\"project16-HotProspects/Preview Content\"";
				ENABLE_PREVIEWS = YES;
				INFOPLIST_FILE = "project16-HotProspects/Info.plist";
				LD_RUNPATH_SEARCH_PATHS = (
					"$(inherited)",
					"@executable_path/Frameworks",
				);
				PRODUCT_BUNDLE_IDENTIFIER = "me.xu.bingyuan.project16-HotProspects";
				PRODUCT_NAME = "$(TARGET_NAME)";
				SWIFT_VERSION = 5.0;
				TARGETED_DEVICE_FAMILY = "1,2";
			};
			name = Debug;
		};
		631AE9B824D6679C00B3C03C /* Release */ = {
			isa = XCBuildConfiguration;
			buildSettings = {
				ASSETCATALOG_COMPILER_APPICON_NAME = AppIcon;
				CODE_SIGN_STYLE = Automatic;
				DEVELOPMENT_ASSET_PATHS = "\"project16-HotProspects/Preview Content\"";
				ENABLE_PREVIEWS = YES;
				INFOPLIST_FILE = "project16-HotProspects/Info.plist";
				LD_RUNPATH_SEARCH_PATHS = (
					"$(inherited)",
					"@executable_path/Frameworks",
				);
				PRODUCT_BUNDLE_IDENTIFIER = "me.xu.bingyuan.project16-HotProspects";
				PRODUCT_NAME = "$(TARGET_NAME)";
				SWIFT_VERSION = 5.0;
				TARGETED_DEVICE_FAMILY = "1,2";
			};
			name = Release;
		};
/* End XCBuildConfiguration section */

/* Begin XCConfigurationList section */
		631AE99A24D6679B00B3C03C /* Build configuration list for PBXProject "project16-HotProspects" */ = {
			isa = XCConfigurationList;
			buildConfigurations = (
				631AE9B424D6679C00B3C03C /* Debug */,
				631AE9B524D6679C00B3C03C /* Release */,
			);
			defaultConfigurationIsVisible = 0;
			defaultConfigurationName = Release;
		};
		631AE9B624D6679C00B3C03C /* Build configuration list for PBXNativeTarget "project16-HotProspects" */ = {
			isa = XCConfigurationList;
			buildConfigurations = (
				631AE9B724D6679C00B3C03C /* Debug */,
				631AE9B824D6679C00B3C03C /* Release */,
			);
			defaultConfigurationIsVisible = 0;
			defaultConfigurationName = Release;
		};
/* End XCConfigurationList section */

/* Begin XCRemoteSwiftPackageReference section */
		63FD3A3C24D94A1800925691 /* XCRemoteSwiftPackageReference "SamplePackage" */ = {
			isa = XCRemoteSwiftPackageReference;
			repositoryURL = "https://github.com/twostraws/SamplePackage";
			requirement = {
				kind = upToNextMajorVersion;
				minimumVersion = 1.0.0;
			};
		};
/* End XCRemoteSwiftPackageReference section */

/* Begin XCSwiftPackageProductDependency section */
		63FD3A3D24D94A1800925691 /* SamplePackage */ = {
			isa = XCSwiftPackageProductDependency;
			package = 63FD3A3C24D94A1800925691 /* XCRemoteSwiftPackageReference "SamplePackage" */;
			productName = SamplePackage;
		};
/* End XCSwiftPackageProductDependency section */

/* Begin XCVersionGroup section */
		631AE9A624D6679B00B3C03C /* project16_HotProspects.xcdatamodeld */ = {
			isa = XCVersionGroup;
			children = (
				631AE9A724D6679B00B3C03C /* project16_HotProspects.xcdatamodel */,
			);
			currentVersion = 631AE9A724D6679B00B3C03C /* project16_HotProspects.xcdatamodel */;
			path = project16_HotProspects.xcdatamodeld;
			sourceTree = "<group>";
			versionGroupType = wrapper.xcdatamodel;
		};
/* End XCVersionGroup section */
	};
	rootObject = 631AE99724D6679B00B3C03C /* Project object */;
}
